
Microsoft Visual Studio Solution File, Format Version 12.00
# Visual Studio Version 16
VisualStudioVersion = 16.0.30804.86
MinimumVisualStudioVersion = 10.0.40219.1
Project("{FAE04EC0-301F-11D3-BF4B-00C04F79EFBC}") = "Web2", "Web2.csproj", "{B3C379AF-7FF2-4BA3-93A0-97F0F12DCE45}"
EndProject
Global
	GlobalSection(SolutionConfigurationPlatforms) = preSolution
		Debug|Any CPU = Debug|Any CPU
		Release|Any CPU = Release|Any CPU
	EndGlobalSection
	GlobalSection(ProjectConfigurationPlatforms) = postSolution
		{B3C379AF-7FF2-4BA3-93A0-97F0F12DCE45}.Debug|Any CPU.ActiveCfg = Debug|Any CPU
		{B3C379AF-7FF2-4BA3-93A0-97F0F12DCE45}.Debug|Any CPU.Build.0 = Debug|Any CPU
		{B3C379AF-7FF2-4BA3-93A0-97F0F12DCE45}.Release|Any CPU.ActiveCfg = Release|Any CPU
		{B3C379AF-7FF2-4BA3-93A0-97F0F12DCE45}.Release|Any CPU.Build.0 = Release|Any CPU
	EndGlobalSection
	GlobalSection(SolutionProperties) = preSolution
		HideSolutionNode = FALSE
	EndGlobalSection
	GlobalSection(ExtensibilityGlobals) = postSolution
		SolutionGuid = {35572FDD-E406-4E53-9903-996BE05196C5}
	EndGlobalSection
EndGlobal
